{
  "nodes": {
    "nixpkgs": {
      "locked": {
        "lastModified": 1710861126,
        "narHash": "sha256-q8fiy9mgUvTAt2OMjiVpQgDlykyGury9Fpsm0jekBfY=",
        "owner": "NixOS",
        "repo": "nixpkgs",
        "rev": "2dcadb7087e38314cebb15af65f8f2a15d2940cc",
        "type": "github"
      },
      "original": {
        "owner": "NixOS",
        "repo": "nixpkgs",
        "type": "github"
      }
    },
    "root": {
      "inputs": {
        "nixpkgs": "nixpkgs"
      }
    }
  },
  "root": "root",
  "version": 7
}
